
Microsoft Visual Studio Solution File, Format Version 12.00
# Visual Studio 15
VisualStudioVersion = 15.0.28010.2041
MinimumVisualStudioVersion = 10.0.40219.1
Project("{FAE04EC0-301F-11D3-BF4B-00C04F79EFBC}") = "WindowsFormsApp1", "WindowsFormsApp1\WindowsFormsApp1.csproj", "{9F3BE3AA-0724-40EC-95FD-F9CAC837D411}"
EndProject
Project("{FAE04EC0-301F-11D3-BF4B-00C04F79EFBC}") = "Logic", "Logic\Logic.csproj", "{9BE11F0D-5A36-4B4B-9373-CE9EC335C265}"
EndProject
Global
	GlobalSection(SolutionConfigurationPlatforms) = preSolution
		Debug|Any CPU = Debug|Any CPU
		Release|Any CPU = Release|Any CPU
	EndGlobalSection
	GlobalSection(ProjectConfigurationPlatforms) = postSolution
		{9F3BE3AA-0724-40EC-95FD-F9CAC837D411}.Debug|Any CPU.ActiveCfg = Debug|Any CPU
		{9F3BE3AA-0724-40EC-95FD-F9CAC837D411}.Debug|Any CPU.Build.0 = Debug|Any CPU
		{9F3BE3AA-0724-40EC-95FD-F9CAC837D411}.Release|Any CPU.ActiveCfg = Release|Any CPU
		{9F3BE3AA-0724-40EC-95FD-F9CAC837D411}.Release|Any CPU.Build.0 = Release|Any CPU
		{9BE11F0D-5A36-4B4B-9373-CE9EC335C265}.Debug|Any CPU.ActiveCfg = Debug|Any CPU
		{9BE11F0D-5A36-4B4B-9373-CE9EC335C265}.Debug|Any CPU.Build.0 = Debug|Any CPU
		{9BE11F0D-5A36-4B4B-9373-CE9EC335C265}.Release|Any CPU.ActiveCfg = Release|Any CPU
		{9BE11F0D-5A36-4B4B-9373-CE9EC335C265}.Release|Any CPU.Build.0 = Release|Any CPU
	EndGlobalSection
	GlobalSection(SolutionProperties) = preSolution
		HideSolutionNode = FALSE
	EndGlobalSection
	GlobalSection(ExtensibilityGlobals) = postSolution
		SolutionGuid = {94D2807F-961A-4F24-B08E-B190109E90BD}
	EndGlobalSection
EndGlobal
