
Microsoft Visual Studio Solution File, Format Version 12.00
# Visual Studio 15
VisualStudioVersion = 15.0.28010.2041
MinimumVisualStudioVersion = 10.0.40219.1
Project("{FAE04EC0-301F-11D3-BF4B-00C04F79EFBC}") = "DAL", "DAL\DAL.csproj", "{B1145663-0BCE-4D01-AE0D-EEF3A788F026}"
EndProject
Project("{FAE04EC0-301F-11D3-BF4B-00C04F79EFBC}") = "BL", "BL\BL.csproj", "{FF82B33D-F47E-4EFE-A59A-72C2A7959DF3}"
EndProject
Project("{FAE04EC0-301F-11D3-BF4B-00C04F79EFBC}") = "WebServiceControlPrint", "WebServiceControlPrint\WebServiceControlPrint.csproj", "{BD39689C-DE4D-4D31-9FD8-E74498372D88}"
EndProject
Project("{FAE04EC0-301F-11D3-BF4B-00C04F79EFBC}") = "DTO", "Entities\DTO.csproj", "{E3537D01-8F8F-4B06-9812-754A11135773}"
EndProject
Global
	GlobalSection(SolutionConfigurationPlatforms) = preSolution
		Debug|Any CPU = Debug|Any CPU
		Release|Any CPU = Release|Any CPU
	EndGlobalSection
	GlobalSection(ProjectConfigurationPlatforms) = postSolution
		{B1145663-0BCE-4D01-AE0D-EEF3A788F026}.Debug|Any CPU.ActiveCfg = Debug|Any CPU
		{B1145663-0BCE-4D01-AE0D-EEF3A788F026}.Debug|Any CPU.Build.0 = Debug|Any CPU
		{B1145663-0BCE-4D01-AE0D-EEF3A788F026}.Release|Any CPU.ActiveCfg = Release|Any CPU
		{B1145663-0BCE-4D01-AE0D-EEF3A788F026}.Release|Any CPU.Build.0 = Release|Any CPU
		{FF82B33D-F47E-4EFE-A59A-72C2A7959DF3}.Debug|Any CPU.ActiveCfg = Debug|Any CPU
		{FF82B33D-F47E-4EFE-A59A-72C2A7959DF3}.Debug|Any CPU.Build.0 = Debug|Any CPU
		{FF82B33D-F47E-4EFE-A59A-72C2A7959DF3}.Release|Any CPU.ActiveCfg = Release|Any CPU
		{FF82B33D-F47E-4EFE-A59A-72C2A7959DF3}.Release|Any CPU.Build.0 = Release|Any CPU
		{BD39689C-DE4D-4D31-9FD8-E74498372D88}.Debug|Any CPU.ActiveCfg = Debug|Any CPU
		{BD39689C-DE4D-4D31-9FD8-E74498372D88}.Debug|Any CPU.Build.0 = Debug|Any CPU
		{BD39689C-DE4D-4D31-9FD8-E74498372D88}.Release|Any CPU.ActiveCfg = Release|Any CPU
		{BD39689C-DE4D-4D31-9FD8-E74498372D88}.Release|Any CPU.Build.0 = Release|Any CPU
		{E3537D01-8F8F-4B06-9812-754A11135773}.Debug|Any CPU.ActiveCfg = Debug|Any CPU
		{E3537D01-8F8F-4B06-9812-754A11135773}.Debug|Any CPU.Build.0 = Debug|Any CPU
		{E3537D01-8F8F-4B06-9812-754A11135773}.Release|Any CPU.ActiveCfg = Release|Any CPU
		{E3537D01-8F8F-4B06-9812-754A11135773}.Release|Any CPU.Build.0 = Release|Any CPU
	EndGlobalSection
	GlobalSection(SolutionProperties) = preSolution
		HideSolutionNode = FALSE
	EndGlobalSection
	GlobalSection(ExtensibilityGlobals) = postSolution
		SolutionGuid = {1DD920BC-BAEF-40C0-921F-533613559A6F}
	EndGlobalSection
EndGlobal
